// !$*UTF8*$!
{
	archiveVersion = 1;
	classes = {
	};
	objectVersion = 50;
	objects = {

/* Begin PBXBuildFile section */
		6E3184E92188B4160086EB5D /* AppDelegate.swift in Sources */ = {isa = PBXBuildFile; fileRef = 6E3184E82188B4160086EB5D /* AppDelegate.swift */; };
		6E3184EB2188B4160086EB5D /* ViewController.swift in Sources */ = {isa = PBXBuildFile; fileRef = 6E3184EA2188B4160086EB5D /* ViewController.swift */; };
		6E3184EE2188B4160086EB5D /* Main.storyboard in Resources */ = {isa = PBXBuildFile; fileRef = 6E3184EC2188B4160086EB5D /* Main.storyboard */; };
		6E3184F02188B4170086EB5D /* Assets.xcassets in Resources */ = {isa = PBXBuildFile; fileRef = 6E3184EF2188B4170086EB5D /* Assets.xcassets */; };
		6E3184F32188B4170086EB5D /* LaunchScreen.storyboard in Resources */ = {isa = PBXBuildFile; fileRef = 6E3184F12188B4170086EB5D /* LaunchScreen.storyboard */; };
		6E3184FE2188B4170086EB5D /* questionOfTheDayHenTests.swift in Sources */ = {isa = PBXBuildFile; fileRef = 6E3184FD2188B4170086EB5D /* questionOfTheDayHenTests.swift */; };
		6E3185092188B4170086EB5D /* questionOfTheDayHenUITests.swift in Sources */ = {isa = PBXBuildFile; fileRef = 6E3185082188B4170086EB5D /* questionOfTheDayHenUITests.swift */; };
		6EC4BA76218B511000DA23CE /* GoogleService-Info.plist in Resources */ = {isa = PBXBuildFile; fileRef = 6EC52BC22188C5580075057E /* GoogleService-Info.plist */; };
		6EEEC5E9218A003D00A7EE0B /* FirebaseAuth.framework in Frameworks */ = {isa = PBXBuildFile; fileRef = 6EEEC5E8218A003D00A7EE0B /* FirebaseAuth.framework */; };
		6EEEC5EB218A007000A7EE0B /* FirebaseCore.framework in Frameworks */ = {isa = PBXBuildFile; fileRef = 6EEEC5EA218A007000A7EE0B /* FirebaseCore.framework */; };
		6EEEC5ED218A007A00A7EE0B /* FBSDKLoginKit.framework in Frameworks */ = {isa = PBXBuildFile; fileRef = 6EEEC5EC218A007A00A7EE0B /* FBSDKLoginKit.framework */; };
		C9A5DF81D7E8D8A8EF7B8C11 /* Pods_questionOfTheDayHenUITests.framework in Frameworks */ = {isa = PBXBuildFile; fileRef = 961860E218D3DE12E6D49257 /* Pods_questionOfTheDayHenUITests.framework */; };
		CEA741F9AB9505847E9C367F /* Pods_questionOfTheDayHenTests.framework in Frameworks */ = {isa = PBXBuildFile; fileRef = AC4202DD68DFE814D168A1E9 /* Pods_questionOfTheDayHenTests.framework */; };
		FDCE45CE496BC7E0E06CD343 /* Pods_questionOfTheDayHen.framework in Frameworks */ = {isa = PBXBuildFile; fileRef = 2909C3AB1A5DB8FAAEBC84DF /* Pods_questionOfTheDayHen.framework */; };
/* End PBXBuildFile section */

/* Begin PBXContainerItemProxy section */
		6E3184FA2188B4170086EB5D /* PBXContainerItemProxy */ = {
			isa = PBXContainerItemProxy;
			containerPortal = 6E3184DD2188B4160086EB5D /* Project object */;
			proxyType = 1;
			remoteGlobalIDString = 6E3184E42188B4160086EB5D;
			remoteInfo = questionOfTheDayHen;
		};
		6E3185052188B4170086EB5D /* PBXContainerItemProxy */ = {
			isa = PBXContainerItemProxy;
			containerPortal = 6E3184DD2188B4160086EB5D /* Project object */;
			proxyType = 1;
			remoteGlobalIDString = 6E3184E42188B4160086EB5D;
			remoteInfo = questionOfTheDayHen;
		};
/* End PBXContainerItemProxy section */

/* Begin PBXFileReference section */
		2909C3AB1A5DB8FAAEBC84DF /* Pods_questionOfTheDayHen.framework */ = {isa = PBXFileReference; explicitFileType = wrapper.framework; includeInIndex = 0; path = Pods_questionOfTheDayHen.framework; sourceTree = BUILT_PRODUCTS_DIR; };
		2950D00E9ADE031AA1CD1321 /* Pods-questionOfTheDayHenUITests.release.xcconfig */ = {isa = PBXFileReference; includeInIndex = 1; lastKnownFileType = text.xcconfig; name = "Pods-questionOfTheDayHenUITests.release.xcconfig"; path = "Pods/Target Support Files/Pods-questionOfTheDayHenUITests/Pods-questionOfTheDayHenUITests.release.xcconfig"; sourceTree = "<group>"; };
		2A0A401B6D5BE3FD140EAEF3 /* Pods-questionOfTheDayHenUITests.debug.xcconfig */ = {isa = PBXFileReference; includeInIndex = 1; lastKnownFileType = text.xcconfig; name = "Pods-questionOfTheDayHenUITests.debug.xcconfig"; path = "Pods/Target Support Files/Pods-questionOfTheDayHenUITests/Pods-questionOfTheDayHenUITests.debug.xcconfig"; sourceTree = "<group>"; };
		6E3184E52188B4160086EB5D /* questionOfTheDayHen.app */ = {isa = PBXFileReference; explicitFileType = wrapper.application; includeInIndex = 0; path = questionOfTheDayHen.app; sourceTree = BUILT_PRODUCTS_DIR; };
		6E3184E82188B4160086EB5D /* AppDelegate.swift */ = {isa = PBXFileReference; lastKnownFileType = sourcecode.swift; path = AppDelegate.swift; sourceTree = "<group>"; };
		6E3184EA2188B4160086EB5D /* ViewController.swift */ = {isa = PBXFileReference; lastKnownFileType = sourcecode.swift; path = ViewController.swift; sourceTree = "<group>"; };
		6E3184ED2188B4160086EB5D /* Base */ = {isa = PBXFileReference; lastKnownFileType = file.storyboard; name = Base; path = Base.lproj/Main.storyboard; sourceTree = "<group>"; };
		6E3184EF2188B4170086EB5D /* Assets.xcassets */ = {isa = PBXFileReference; lastKnownFileType = folder.assetcatalog; path = Assets.xcassets; sourceTree = "<group>"; };
		6E3184F22188B4170086EB5D /* Base */ = {isa = PBXFileReference; lastKnownFileType = file.storyboard; name = Base; path = Base.lproj/LaunchScreen.storyboard; sourceTree = "<group>"; };
		6E3184F42188B4170086EB5D /* Info.plist */ = {isa = PBXFileReference; lastKnownFileType = text.plist.xml; path = Info.plist; sourceTree = "<group>"; };
		6E3184F92188B4170086EB5D /* questionOfTheDayHenTests.xctest */ = {isa = PBXFileReference; explicitFileType = wrapper.cfbundle; includeInIndex = 0; path = questionOfTheDayHenTests.xctest; sourceTree = BUILT_PRODUCTS_DIR; };
		6E3184FD2188B4170086EB5D /* questionOfTheDayHenTests.swift */ = {isa = PBXFileReference; lastKnownFileType = sourcecode.swift; path = questionOfTheDayHenTests.swift; sourceTree = "<group>"; };
		6E3184FF2188B4170086EB5D /* Info.plist */ = {isa = PBXFileReference; lastKnownFileType = text.plist.xml; path = Info.plist; sourceTree = "<group>"; };
		6E3185042188B4170086EB5D /* questionOfTheDayHenUITests.xctest */ = {isa = PBXFileReference; explicitFileType = wrapper.cfbundle; includeInIndex = 0; path = questionOfTheDayHenUITests.xctest; sourceTree = BUILT_PRODUCTS_DIR; };
		6E3185082188B4170086EB5D /* questionOfTheDayHenUITests.swift */ = {isa = PBXFileReference; lastKnownFileType = sourcecode.swift; path = questionOfTheDayHenUITests.swift; sourceTree = "<group>"; };
		6E31850A2188B4170086EB5D /* Info.plist */ = {isa = PBXFileReference; lastKnownFileType = text.plist.xml; path = Info.plist; sourceTree = "<group>"; };
		6EC52BC22188C5580075057E /* GoogleService-Info.plist */ = {isa = PBXFileReference; fileEncoding = 4; lastKnownFileType = text.plist.xml; path = "GoogleService-Info.plist"; sourceTree = "<group>"; };
		6EEEC5E8218A003D00A7EE0B /* FirebaseAuth.framework */ = {isa = PBXFileReference; explicitFileType = wrapper.framework; path = FirebaseAuth.framework; sourceTree = BUILT_PRODUCTS_DIR; };
		6EEEC5EA218A007000A7EE0B /* FirebaseCore.framework */ = {isa = PBXFileReference; explicitFileType = wrapper.framework; path = FirebaseCore.framework; sourceTree = BUILT_PRODUCTS_DIR; };
		6EEEC5EC218A007A00A7EE0B /* FBSDKLoginKit.framework */ = {isa = PBXFileReference; explicitFileType = wrapper.framework; path = FBSDKLoginKit.framework; sourceTree = BUILT_PRODUCTS_DIR; };
		961860E218D3DE12E6D49257 /* Pods_questionOfTheDayHenUITests.framework */ = {isa = PBXFileReference; explicitFileType = wrapper.framework; includeInIndex = 0; path = Pods_questionOfTheDayHenUITests.framework; sourceTree = BUILT_PRODUCTS_DIR; };
		AADDA6124363BBC531F4EE8B /* Pods-questionOfTheDayHen.debug.xcconfig */ = {isa = PBXFileReference; includeInIndex = 1; lastKnownFileType = text.xcconfig; name = "Pods-questionOfTheDayHen.debug.xcconfig"; path = "Pods/Target Support Files/Pods-questionOfTheDayHen/Pods-questionOfTheDayHen.debug.xcconfig"; sourceTree = "<group>"; };
		AC4202DD68DFE814D168A1E9 /* Pods_questionOfTheDayHenTests.framework */ = {isa = PBXFileReference; explicitFileType = wrapper.framework; includeInIndex = 0; path = Pods_questionOfTheDayHenTests.framework; sourceTree = BUILT_PRODUCTS_DIR; };
		CDDC61CC3CBC64D10E6E0A61 /* Pods-questionOfTheDayHen.release.xcconfig */ = {isa = PBXFileReference; includeInIndex = 1; lastKnownFileType = text.xcconfig; name = "Pods-questionOfTheDayHen.release.xcconfig"; path = "Pods/Target Support Files/Pods-questionOfTheDayHen/Pods-questionOfTheDayHen.release.xcconfig"; sourceTree = "<group>"; };
		D1CF9CC2DD74210D2CF7B65F /* Pods-questionOfTheDayHenTests.debug.xcconfig */ = {isa = PBXFileReference; includeInIndex = 1; lastKnownFileType = text.xcconfig; name = "Pods-questionOfTheDayHenTests.debug.xcconfig"; path = "Pods/Target Support Files/Pods-questionOfTheDayHenTests/Pods-questionOfTheDayHenTests.debug.xcconfig"; sourceTree = "<group>"; };
		F525F66004B7639E481A4E66 /* Pods-questionOfTheDayHenTests.release.xcconfig */ = {isa = PBXFileReference; includeInIndex = 1; lastKnownFileType = text.xcconfig; name = "Pods-questionOfTheDayHenTests.release.xcconfig"; path = "Pods/Target Support Files/Pods-questionOfTheDayHenTests/Pods-questionOfTheDayHenTests.release.xcconfig"; sourceTree = "<group>"; };
/* End PBXFileReference section */

/* Begin PBXFrameworksBuildPhase section */
		6E3184E22188B4160086EB5D /* Frameworks */ = {
			isa = PBXFrameworksBuildPhase;
			buildActionMask = 2147483647;
			files = (
				6EEEC5ED218A007A00A7EE0B /* FBSDKLoginKit.framework in Frameworks */,
				6EEEC5EB218A007000A7EE0B /* FirebaseCore.framework in Frameworks */,
				6EEEC5E9218A003D00A7EE0B /* FirebaseAuth.framework in Frameworks */,
				FDCE45CE496BC7E0E06CD343 /* Pods_questionOfTheDayHen.framework in Frameworks */,
			);
			runOnlyForDeploymentPostprocessing = 0;
		};
		6E3184F62188B4170086EB5D /* Frameworks */ = {
			isa = PBXFrameworksBuildPhase;
			buildActionMask = 2147483647;
			files = (
				CEA741F9AB9505847E9C367F /* Pods_questionOfTheDayHenTests.framework in Frameworks */,
			);
			runOnlyForDeploymentPostprocessing = 0;
		};
		6E3185012188B4170086EB5D /* Frameworks */ = {
			isa = PBXFrameworksBuildPhase;
			buildActionMask = 2147483647;
			files = (
				C9A5DF81D7E8D8A8EF7B8C11 /* Pods_questionOfTheDayHenUITests.framework in Frameworks */,
			);
			runOnlyForDeploymentPostprocessing = 0;
		};
/* End PBXFrameworksBuildPhase section */

/* Begin PBXGroup section */
		55A63A369BBC2DF607F19FA7 /* Frameworks */ = {
			isa = PBXGroup;
			children = (
				6EEEC5EC218A007A00A7EE0B /* FBSDKLoginKit.framework */,
				6EEEC5EA218A007000A7EE0B /* FirebaseCore.framework */,
				6EEEC5E8218A003D00A7EE0B /* FirebaseAuth.framework */,
				2909C3AB1A5DB8FAAEBC84DF /* Pods_questionOfTheDayHen.framework */,
				AC4202DD68DFE814D168A1E9 /* Pods_questionOfTheDayHenTests.framework */,
				961860E218D3DE12E6D49257 /* Pods_questionOfTheDayHenUITests.framework */,
			);
			name = Frameworks;
			sourceTree = "<group>";
		};
		6E3184DC2188B4160086EB5D = {
			isa = PBXGroup;
			children = (
				6E3184E72188B4160086EB5D /* questionOfTheDayHen */,
				6E3184FC2188B4170086EB5D /* questionOfTheDayHenTests */,
				6E3185072188B4170086EB5D /* questionOfTheDayHenUITests */,
				6E3184E62188B4160086EB5D /* Products */,
				8049954A6C083145EC4B473E /* Pods */,
				55A63A369BBC2DF607F19FA7 /* Frameworks */,
			);
			sourceTree = "<group>";
		};
		6E3184E62188B4160086EB5D /* Products */ = {
			isa = PBXGroup;
			children = (
				6E3184E52188B4160086EB5D /* questionOfTheDayHen.app */,
				6E3184F92188B4170086EB5D /* questionOfTheDayHenTests.xctest */,
				6E3185042188B4170086EB5D /* questionOfTheDayHenUITests.xctest */,
			);
			name = Products;
			sourceTree = "<group>";
		};
		6E3184E72188B4160086EB5D /* questionOfTheDayHen */ = {
			isa = PBXGroup;
			children = (
				6E3184E82188B4160086EB5D /* AppDelegate.swift */,
				6E3184EA2188B4160086EB5D /* ViewController.swift */,
				6E3184EC2188B4160086EB5D /* Main.storyboard */,
				6E3184EF2188B4170086EB5D /* Assets.xcassets */,
				6E3184F12188B4170086EB5D /* LaunchScreen.storyboard */,
				6E3184F42188B4170086EB5D /* Info.plist */,
				6EC52BC22188C5580075057E /* GoogleService-Info.plist */,
			);
			path = questionOfTheDayHen;
			sourceTree = "<group>";
		};
		6E3184FC2188B4170086EB5D /* questionOfTheDayHenTests */ = {
			isa = PBXGroup;
			children = (
				6E3184FD2188B4170086EB5D /* questionOfTheDayHenTests.swift */,
				6E3184FF2188B4170086EB5D /* Info.plist */,
			);
			path = questionOfTheDayHenTests;
			sourceTree = "<group>";
		};
		6E3185072188B4170086EB5D /* questionOfTheDayHenUITests */ = {
			isa = PBXGroup;
			children = (
				6E3185082188B4170086EB5D /* questionOfTheDayHenUITests.swift */,
				6E31850A2188B4170086EB5D /* Info.plist */,
			);
			path = questionOfTheDayHenUITests;
			sourceTree = "<group>";
		};
		8049954A6C083145EC4B473E /* Pods */ = {
			isa = PBXGroup;
			children = (
				AADDA6124363BBC531F4EE8B /* Pods-questionOfTheDayHen.debug.xcconfig */,
				CDDC61CC3CBC64D10E6E0A61 /* Pods-questionOfTheDayHen.release.xcconfig */,
				D1CF9CC2DD74210D2CF7B65F /* Pods-questionOfTheDayHenTests.debug.xcconfig */,
				F525F66004B7639E481A4E66 /* Pods-questionOfTheDayHenTests.release.xcconfig */,
				2A0A401B6D5BE3FD140EAEF3 /* Pods-questionOfTheDayHenUITests.debug.xcconfig */,
				2950D00E9ADE031AA1CD1321 /* Pods-questionOfTheDayHenUITests.release.xcconfig */,
			);
			name = Pods;
			sourceTree = "<group>";
		};
/* End PBXGroup section */

/* Begin PBXNativeTarget section */
		6E3184E42188B4160086EB5D /* questionOfTheDayHen */ = {
			isa = PBXNativeTarget;
			buildConfigurationList = 6E31850D2188B4170086EB5D /* Build configuration list for PBXNativeTarget "questionOfTheDayHen" */;
			buildPhases = (
				695D7AF894023860ADC02844 /* [CP] Check Pods Manifest.lock */,
				6E3184E12188B4160086EB5D /* Sources */,
				6E3184E22188B4160086EB5D /* Frameworks */,
				6E3184E32188B4160086EB5D /* Resources */,
				3833463CA6E106BD4B4AD8AF /* [CP] Embed Pods Frameworks */,
				4A37426A7D1DFD03C81B1100 /* [CP] Copy Pods Resources */,
			);
			buildRules = (
			);
			dependencies = (
			);
			name = questionOfTheDayHen;
			productName = questionOfTheDayHen;
			productReference = 6E3184E52188B4160086EB5D /* questionOfTheDayHen.app */;
			productType = "com.apple.product-type.application";
		};
		6E3184F82188B4170086EB5D /* questionOfTheDayHenTests */ = {
			isa = PBXNativeTarget;
			buildConfigurationList = 6E3185102188B4170086EB5D /* Build configuration list for PBXNativeTarget "questionOfTheDayHenTests" */;
			buildPhases = (
				487A3E469CDBBC93C140D021 /* [CP] Check Pods Manifest.lock */,
				6E3184F52188B4170086EB5D /* Sources */,
				6E3184F62188B4170086EB5D /* Frameworks */,
				6E3184F72188B4170086EB5D /* Resources */,
			);
			buildRules = (
			);
			dependencies = (
				6E3184FB2188B4170086EB5D /* PBXTargetDependency */,
			);
			name = questionOfTheDayHenTests;
			productName = questionOfTheDayHenTests;
			productReference = 6E3184F92188B4170086EB5D /* questionOfTheDayHenTests.xctest */;
			productType = "com.apple.product-type.bundle.unit-test";
		};
		6E3185032188B4170086EB5D /* questionOfTheDayHenUITests */ = {
			isa = PBXNativeTarget;
			buildConfigurationList = 6E3185132188B4170086EB5D /* Build configuration list for PBXNativeTarget "questionOfTheDayHenUITests" */;
			buildPhases = (
				8A9DA4FD255B604C0F0987DB /* [CP] Check Pods Manifest.lock */,
				6E3185002188B4170086EB5D /* Sources */,
				6E3185012188B4170086EB5D /* Frameworks */,
				6E3185022188B4170086EB5D /* Resources */,
			);
			buildRules = (
			);
			dependencies = (
				6E3185062188B4170086EB5D /* PBXTargetDependency */,
			);
			name = questionOfTheDayHenUITests;
			productName = questionOfTheDayHenUITests;
			productReference = 6E3185042188B4170086EB5D /* questionOfTheDayHenUITests.xctest */;
			productType = "com.apple.product-type.bundle.ui-testing";
		};
/* End PBXNativeTarget section */

/* Begin PBXProject section */
		6E3184DD2188B4160086EB5D /* Project object */ = {
			isa = PBXProject;
			attributes = {
				LastSwiftUpdateCheck = 0940;
				LastUpgradeCheck = 0940;
				ORGANIZATIONNAME = period3;
				TargetAttributes = {
					6E3184E42188B4160086EB5D = {
						CreatedOnToolsVersion = 9.4.1;
					};
					6E3184F82188B4170086EB5D = {
						CreatedOnToolsVersion = 9.4.1;
						TestTargetID = 6E3184E42188B4160086EB5D;
					};
					6E3185032188B4170086EB5D = {
						CreatedOnToolsVersion = 9.4.1;
						TestTargetID = 6E3184E42188B4160086EB5D;
					};
				};
			};
			buildConfigurationList = 6E3184E02188B4160086EB5D /* Build configuration list for PBXProject "questionOfTheDayHen" */;
			compatibilityVersion = "Xcode 9.3";
			developmentRegion = en;
			hasScannedForEncodings = 0;
			knownRegions = (
				en,
				Base,
			);
			mainGroup = 6E3184DC2188B4160086EB5D;
			productRefGroup = 6E3184E62188B4160086EB5D /* Products */;
			projectDirPath = "";
			projectRoot = "";
			targets = (
				6E3184E42188B4160086EB5D /* questionOfTheDayHen */,
				6E3184F82188B4170086EB5D /* questionOfTheDayHenTests */,
				6E3185032188B4170086EB5D /* questionOfTheDayHenUITests */,
			);
		};
/* End PBXProject section */

/* Begin PBXResourcesBuildPhase section */
		6E3184E32188B4160086EB5D /* Resources */ = {
			isa = PBXResourcesBuildPhase;
			buildActionMask = 2147483647;
			files = (
				6E3184F32188B4170086EB5D /* LaunchScreen.storyboard in Resources */,
				6E3184F02188B4170086EB5D /* Assets.xcassets in Resources */,
				6E3184EE2188B4160086EB5D /* Main.storyboard in Resources */,
				6EC4BA76218B511000DA23CE /* GoogleService-Info.plist in Resources */,
			);
			runOnlyForDeploymentPostprocessing = 0;
		};
		6E3184F72188B4170086EB5D /* Resources */ = {
			isa = PBXResourcesBuildPhase;
			buildActionMask = 2147483647;
			files = (
			);
			runOnlyForDeploymentPostprocessing = 0;
		};
		6E3185022188B4170086EB5D /* Resources */ = {
			isa = PBXResourcesBuildPhase;
			buildActionMask = 2147483647;
			files = (
			);
			runOnlyForDeploymentPostprocessing = 0;
		};
/* End PBXResourcesBuildPhase section */

/* Begin PBXShellScriptBuildPhase section */
		3833463CA6E106BD4B4AD8AF /* [CP] Embed Pods Frameworks */ = {
			isa = PBXShellScriptBuildPhase;
			buildActionMask = 2147483647;
			files = (
			);
			inputPaths = (
				"${SRCROOT}/Pods/Target Support Files/Pods-questionOfTheDayHen/Pods-questionOfTheDayHen-frameworks.sh",
				"${BUILT_PRODUCTS_DIR}/Bolts/Bolts.framework",
				"${BUILT_PRODUCTS_DIR}/BoringSSL/openssl.framework",
				"${BUILT_PRODUCTS_DIR}/FBSDKCoreKit/FBSDKCoreKit.framework",
				"${BUILT_PRODUCTS_DIR}/FBSDKLoginKit/FBSDKLoginKit.framework",
				"${BUILT_PRODUCTS_DIR}/GTMOAuth2/GTMOAuth2.framework",
				"${BUILT_PRODUCTS_DIR}/GTMSessionFetcher/GTMSessionFetcher.framework",
				"${BUILT_PRODUCTS_DIR}/GoogleToolboxForMac/GoogleToolboxForMac.framework",
				"${BUILT_PRODUCTS_DIR}/GoogleUtilities/GoogleUtilities.framework",
				"${BUILT_PRODUCTS_DIR}/Protobuf/Protobuf.framework",
				"${BUILT_PRODUCTS_DIR}/SDWebImage/SDWebImage.framework",
				"${PODS_ROOT}/TwitterCore/iOS/TwitterCore.framework",
				"${PODS_ROOT}/TwitterKit/iOS/TwitterKit.framework",
				"${BUILT_PRODUCTS_DIR}/gRPC/GRPCClient.framework",
				"${BUILT_PRODUCTS_DIR}/gRPC-C++/grpcpp.framework",
				"${BUILT_PRODUCTS_DIR}/gRPC-Core/grpc.framework",
				"${BUILT_PRODUCTS_DIR}/gRPC-ProtoRPC/ProtoRPC.framework",
				"${BUILT_PRODUCTS_DIR}/gRPC-RxLibrary/RxLibrary.framework",
				"${BUILT_PRODUCTS_DIR}/leveldb-library/leveldb.framework",
				"${BUILT_PRODUCTS_DIR}/nanopb/nanopb.framework",
			);
			name = "[CP] Embed Pods Frameworks";
			outputPaths = (
				"${TARGET_BUILD_DIR}/${FRAMEWORKS_FOLDER_PATH}/Bolts.framework",
				"${TARGET_BUILD_DIR}/${FRAMEWORKS_FOLDER_PATH}/openssl.framework",
				"${TARGET_BUILD_DIR}/${FRAMEWORKS_FOLDER_PATH}/FBSDKCoreKit.framework",
				"${TARGET_BUILD_DIR}/${FRAMEWORKS_FOLDER_PATH}/FBSDKLoginKit.framework",
				"${TARGET_BUILD_DIR}/${FRAMEWORKS_FOLDER_PATH}/GTMOAuth2.framework",
				"${TARGET_BUILD_DIR}/${FRAMEWORKS_FOLDER_PATH}/GTMSessionFetcher.framework",
				"${TARGET_BUILD_DIR}/${FRAMEWORKS_FOLDER_PATH}/GoogleToolboxForMac.framework",
				"${TARGET_BUILD_DIR}/${FRAMEWORKS_FOLDER_PATH}/GoogleUtilities.framework",
				"${TARGET_BUILD_DIR}/${FRAMEWORKS_FOLDER_PATH}/Protobuf.framework",
				"${TARGET_BUILD_DIR}/${FRAMEWORKS_FOLDER_PATH}/SDWebImage.framework",
				"${TARGET_BUILD_DIR}/${FRAMEWORKS_FOLDER_PATH}/TwitterCore.framework",
				"${TARGET_BUILD_DIR}/${FRAMEWORKS_FOLDER_PATH}/TwitterKit.framework",
				"${TARGET_BUILD_DIR}/${FRAMEWORKS_FOLDER_PATH}/GRPCClient.framework",
				"${TARGET_BUILD_DIR}/${FRAMEWORKS_FOLDER_PATH}/grpcpp.framework",
				"${TARGET_BUILD_DIR}/${FRAMEWORKS_FOLDER_PATH}/grpc.framework",
				"${TARGET_BUILD_DIR}/${FRAMEWORKS_FOLDER_PATH}/ProtoRPC.framework",
				"${TARGET_BUILD_DIR}/${FRAMEWORKS_FOLDER_PATH}/RxLibrary.framework",
				"${TARGET_BUILD_DIR}/${FRAMEWORKS_FOLDER_PATH}/leveldb.framework",
				"${TARGET_BUILD_DIR}/${FRAMEWORKS_FOLDER_PATH}/nanopb.framework",
			);
			runOnlyForDeploymentPostprocessing = 0;
			shellPath = /bin/sh;
			shellScript = "\"${SRCROOT}/Pods/Target Support Files/Pods-questionOfTheDayHen/Pods-questionOfTheDayHen-frameworks.sh\"\n";
			showEnvVarsInLog = 0;
		};
		487A3E469CDBBC93C140D021 /* [CP] Check Pods Manifest.lock */ = {
			isa = PBXShellScriptBuildPhase;
			buildActionMask = 2147483647;
			files = (
			);
			inputPaths = (
				"${PODS_PODFILE_DIR_PATH}/Podfile.lock",
				"${PODS_ROOT}/Manifest.lock",
			);
			name = "[CP] Check Pods Manifest.lock";
			outputPaths = (
				"$(DERIVED_FILE_DIR)/Pods-questionOfTheDayHenTests-checkManifestLockResult.txt",
			);
			runOnlyForDeploymentPostprocessing = 0;
			shellPath = /bin/sh;
			shellScript = "diff \"${PODS_PODFILE_DIR_PATH}/Podfile.lock\" \"${PODS_ROOT}/Manifest.lock\" > /dev/null\nif [ $? != 0 ] ; then\n    # print error to STDERR\n    echo \"error: The sandbox is not in sync with the Podfile.lock. Run 'pod install' or update your CocoaPods installation.\" >&2\n    exit 1\nfi\n# This output is used by Xcode 'outputs' to avoid re-running this script phase.\necho \"SUCCESS\" > \"${SCRIPT_OUTPUT_FILE_0}\"\n";
			showEnvVarsInLog = 0;
		};
		4A37426A7D1DFD03C81B1100 /* [CP] Copy Pods Resources */ = {
			isa = PBXShellScriptBuildPhase;
			buildActionMask = 2147483647;
			files = (
			);
			inputPaths = (
				"${SRCROOT}/Pods/Target Support Files/Pods-questionOfTheDayHen/Pods-questionOfTheDayHen-resources.sh",
				"${PODS_CONFIGURATION_BUILD_DIR}/FirebaseUI/FirebaseAnonymousAuthUI.bundle",
				"${PODS_CONFIGURATION_BUILD_DIR}/FirebaseUI/FirebaseAuthUI.bundle",
				"${PODS_CONFIGURATION_BUILD_DIR}/FirebaseUI/FirebaseFacebookAuthUI.bundle",
				"${PODS_CONFIGURATION_BUILD_DIR}/FirebaseUI/FirebaseGoogleAuthUI.bundle",
				"${PODS_CONFIGURATION_BUILD_DIR}/FirebaseUI/FirebasePhoneAuthUI.bundle",
				"${PODS_CONFIGURATION_BUILD_DIR}/FirebaseUI/FirebaseTwitterAuthUI.bundle",
				"${PODS_ROOT}/GoogleSignIn/Resources/GoogleSignIn.bundle",
				"${PODS_ROOT}/TwitterKit/iOS/TwitterKit.framework/TwitterKitResources.bundle",
			);
			name = "[CP] Copy Pods Resources";
			outputPaths = (
				"${TARGET_BUILD_DIR}/${UNLOCALIZED_RESOURCES_FOLDER_PATH}/FirebaseAnonymousAuthUI.bundle",
				"${TARGET_BUILD_DIR}/${UNLOCALIZED_RESOURCES_FOLDER_PATH}/FirebaseAuthUI.bundle",
				"${TARGET_BUILD_DIR}/${UNLOCALIZED_RESOURCES_FOLDER_PATH}/FirebaseFacebookAuthUI.bundle",
				"${TARGET_BUILD_DIR}/${UNLOCALIZED_RESOURCES_FOLDER_PATH}/FirebaseGoogleAuthUI.bundle",
				"${TARGET_BUILD_DIR}/${UNLOCALIZED_RESOURCES_FOLDER_PATH}/FirebasePhoneAuthUI.bundle",
				"${TARGET_BUILD_DIR}/${UNLOCALIZED_RESOURCES_FOLDER_PATH}/FirebaseTwitterAuthUI.bundle",
				"${TARGET_BUILD_DIR}/${UNLOCALIZED_RESOURCES_FOLDER_PATH}/GoogleSignIn.bundle",
				"${TARGET_BUILD_DIR}/${UNLOCALIZED_RESOURCES_FOLDER_PATH}/TwitterKitResources.bundle",
			);
			runOnlyForDeploymentPostprocessing = 0;
			shellPath = /bin/sh;
			shellScript = "\"${SRCROOT}/Pods/Target Support Files/Pods-questionOfTheDayHen/Pods-questionOfTheDayHen-resources.sh\"\n";
			showEnvVarsInLog = 0;
		};
		695D7AF894023860ADC02844 /* [CP] Check Pods Manifest.lock */ = {
			isa = PBXShellScriptBuildPhase;
			buildActionMask = 2147483647;
			files = (
			);
			inputPaths = (
				"${PODS_PODFILE_DIR_PATH}/Podfile.lock",
				"${PODS_ROOT}/Manifest.lock",
			);
			name = "[CP] Check Pods Manifest.lock";
			outputPaths = (
				"$(DERIVED_FILE_DIR)/Pods-questionOfTheDayHen-checkManifestLockResult.txt",
			);
			runOnlyForDeploymentPostprocessing = 0;
			shellPath = /bin/sh;
			shellScript = "diff \"${PODS_PODFILE_DIR_PATH}/Podfile.lock\" \"${PODS_ROOT}/Manifest.lock\" > /dev/null\nif [ $? != 0 ] ; then\n    # print error to STDERR\n    echo \"error: The sandbox is not in sync with the Podfile.lock. Run 'pod install' or update your CocoaPods installation.\" >&2\n    exit 1\nfi\n# This output is used by Xcode 'outputs' to avoid re-running this script phase.\necho \"SUCCESS\" > \"${SCRIPT_OUTPUT_FILE_0}\"\n";
			showEnvVarsInLog = 0;
		};
		8A9DA4FD255B604C0F0987DB /* [CP] Check Pods Manifest.lock */ = {
			isa = PBXShellScriptBuildPhase;
			buildActionMask = 2147483647;
			files = (
			);
			inputPaths = (
				"${PODS_PODFILE_DIR_PATH}/Podfile.lock",
				"${PODS_ROOT}/Manifest.lock",
			);
			name = "[CP] Check Pods Manifest.lock";
			outputPaths = (
				"$(DERIVED_FILE_DIR)/Pods-questionOfTheDayHenUITests-checkManifestLockResult.txt",
			);
			runOnlyForDeploymentPostprocessing = 0;
			shellPath = /bin/sh;
			shellScript = "diff \"${PODS_PODFILE_DIR_PATH}/Podfile.lock\" \"${PODS_ROOT}/Manifest.lock\" > /dev/null\nif [ $? != 0 ] ; then\n    # print error to STDERR\n    echo \"error: The sandbox is not in sync with the Podfile.lock. Run 'pod install' or update your CocoaPods installation.\" >&2\n    exit 1\nfi\n# This output is used by Xcode 'outputs' to avoid re-running this script phase.\necho \"SUCCESS\" > \"${SCRIPT_OUTPUT_FILE_0}\"\n";
			showEnvVarsInLog = 0;
		};
/* End PBXShellScriptBuildPhase section */

/* Begin PBXSourcesBuildPhase section */
		6E3184E12188B4160086EB5D /* Sources */ = {
			isa = PBXSourcesBuildPhase;
			buildActionMask = 2147483647;
			files = (
				6E3184EB2188B4160086EB5D /* ViewController.swift in Sources */,
				6E3184E92188B4160086EB5D /* AppDelegate.swift in Sources */,
			);
			runOnlyForDeploymentPostprocessing = 0;
		};
		6E3184F52188B4170086EB5D /* Sources */ = {
			isa = PBXSourcesBuildPhase;
			buildActionMask = 2147483647;
			files = (
				6E3184FE2188B4170086EB5D /* questionOfTheDayHenTests.swift in Sources */,
			);
			runOnlyForDeploymentPostprocessing = 0;
		};
		6E3185002188B4170086EB5D /* Sources */ = {
			isa = PBXSourcesBuildPhase;
			buildActionMask = 2147483647;
			files = (
				6E3185092188B4170086EB5D /* questionOfTheDayHenUITests.swift in Sources */,
			);
			runOnlyForDeploymentPostprocessing = 0;
		};
/* End PBXSourcesBuildPhase section */

/* Begin PBXTargetDependency section */
		6E3184FB2188B4170086EB5D /* PBXTargetDependency */ = {
			isa = PBXTargetDependency;
			target = 6E3184E42188B4160086EB5D /* questionOfTheDayHen */;
			targetProxy = 6E3184FA2188B4170086EB5D /* PBXContainerItemProxy */;
		};
		6E3185062188B4170086EB5D /* PBXTargetDependency */ = {
			isa = PBXTargetDependency;
			target = 6E3184E42188B4160086EB5D /* questionOfTheDayHen */;
			targetProxy = 6E3185052188B4170086EB5D /* PBXContainerItemProxy */;
		};
/* End PBXTargetDependency section */

/* Begin PBXVariantGroup section */
		6E3184EC2188B4160086EB5D /* Main.storyboard */ = {
			isa = PBXVariantGroup;
			children = (
				6E3184ED2188B4160086EB5D /* Base */,
			);
			name = Main.storyboard;
			sourceTree = "<group>";
		};
		6E3184F12188B4170086EB5D /* LaunchScreen.storyboard */ = {
			isa = PBXVariantGroup;
			children = (
				6E3184F22188B4170086EB5D /* Base */,
			);
			name = LaunchScreen.storyboard;
			sourceTree = "<group>";
		};
/* End PBXVariantGroup section */

/* Begin XCBuildConfiguration section */
		6E31850B2188B4170086EB5D /* Debug */ = {
			isa = XCBuildConfiguration;
			buildSettings = {
				ALWAYS_SEARCH_USER_PATHS = NO;
				CLANG_ANALYZER_NONNULL = YES;
				CLANG_ANALYZER_NUMBER_OBJECT_CONVERSION = YES_AGGRESSIVE;
				CLANG_CXX_LANGUAGE_STANDARD = "gnu++14";
				CLANG_CXX_LIBRARY = "libc++";
				CLANG_ENABLE_MODULES = YES;
				CLANG_ENABLE_OBJC_ARC = YES;
				CLANG_ENABLE_OBJC_WEAK = YES;
				CLANG_WARN_BLOCK_CAPTURE_AUTORELEASING = YES;
				CLANG_WARN_BOOL_CONVERSION = YES;
				CLANG_WARN_COMMA = YES;
				CLANG_WARN_CONSTANT_CONVERSION = YES;
				CLANG_WARN_DEPRECATED_OBJC_IMPLEMENTATIONS = YES;
				CLANG_WARN_DIRECT_OBJC_ISA_USAGE = YES_ERROR;
				CLANG_WARN_DOCUMENTATION_COMMENTS = YES;
				CLANG_WARN_EMPTY_BODY = YES;
				CLANG_WARN_ENUM_CONVERSION = YES;
				CLANG_WARN_INFINITE_RECURSION = YES;
				CLANG_WARN_INT_CONVERSION = YES;
				CLANG_WARN_NON_LITERAL_NULL_CONVERSION = YES;
				CLANG_WARN_OBJC_IMPLICIT_RETAIN_SELF = YES;
				CLANG_WARN_OBJC_LITERAL_CONVERSION = YES;
				CLANG_WARN_OBJC_ROOT_CLASS = YES_ERROR;
				CLANG_WARN_RANGE_LOOP_ANALYSIS = YES;
				CLANG_WARN_STRICT_PROTOTYPES = YES;
				CLANG_WARN_SUSPICIOUS_MOVE = YES;
				CLANG_WARN_UNGUARDED_AVAILABILITY = YES_AGGRESSIVE;
				CLANG_WARN_UNREACHABLE_CODE = YES;
				CLANG_WARN__DUPLICATE_METHOD_MATCH = YES;
				CODE_SIGN_IDENTITY = "iPhone Developer";
				COPY_PHASE_STRIP = NO;
				DEBUG_INFORMATION_FORMAT = dwarf;
				ENABLE_STRICT_OBJC_MSGSEND = YES;
				ENABLE_TESTABILITY = YES;
				GCC_C_LANGUAGE_STANDARD = gnu11;
				GCC_DYNAMIC_NO_PIC = NO;
				GCC_NO_COMMON_BLOCKS = YES;
				GCC_OPTIMIZATION_LEVEL = 0;
				GCC_PREPROCESSOR_DEFINITIONS = (
					"DEBUG=1",
					"$(inherited)",
				);
				GCC_WARN_64_TO_32_BIT_CONVERSION = YES;
				GCC_WARN_ABOUT_RETURN_TYPE = YES_ERROR;
				GCC_WARN_UNDECLARED_SELECTOR = YES;
				GCC_WARN_UNINITIALIZED_AUTOS = YES_AGGRESSIVE;
				GCC_WARN_UNUSED_FUNCTION = YES;
				GCC_WARN_UNUSED_VARIABLE = YES;
				IPHONEOS_DEPLOYMENT_TARGET = 11.4;
				MTL_ENABLE_DEBUG_INFO = YES;
				ONLY_ACTIVE_ARCH = YES;
				SDKROOT = iphoneos;
				SWIFT_ACTIVE_COMPILATION_CONDITIONS = DEBUG;
				SWIFT_OPTIMIZATION_LEVEL = "-Onone";
			};
			name = Debug;
		};
		6E31850C2188B4170086EB5D /* Release */ = {
			isa = XCBuildConfiguration;
			buildSettings = {
				ALWAYS_SEARCH_USER_PATHS = NO;
				CLANG_ANALYZER_NONNULL = YES;
				CLANG_ANALYZER_NUMBER_OBJECT_CONVERSION = YES_AGGRESSIVE;
				CLANG_CXX_LANGUAGE_STANDARD = "gnu++14";
				CLANG_CXX_LIBRARY = "libc++";
				CLANG_ENABLE_MODULES = YES;
				CLANG_ENABLE_OBJC_ARC = YES;
				CLANG_ENABLE_OBJC_WEAK = YES;
				CLANG_WARN_BLOCK_CAPTURE_AUTORELEASING = YES;
				CLANG_WARN_BOOL_CONVERSION = YES;
				CLANG_WARN_COMMA = YES;
				CLANG_WARN_CONSTANT_CONVERSION = YES;
				CLANG_WARN_DEPRECATED_OBJC_IMPLEMENTATIONS = YES;
				CLANG_WARN_DIRECT_OBJC_ISA_USAGE = YES_ERROR;
				CLANG_WARN_DOCUMENTATION_COMMENTS = YES;
				CLANG_WARN_EMPTY_BODY = YES;
				CLANG_WARN_ENUM_CONVERSION = YES;
				CLANG_WARN_INFINITE_RECURSION = YES;
				CLANG_WARN_INT_CONVERSION = YES;
				CLANG_WARN_NON_LITERAL_NULL_CONVERSION = YES;
				CLANG_WARN_OBJC_IMPLICIT_RETAIN_SELF = YES;
				CLANG_WARN_OBJC_LITERAL_CONVERSION = YES;
				CLANG_WARN_OBJC_ROOT_CLASS = YES_ERROR;
				CLANG_WARN_RANGE_LOOP_ANALYSIS = YES;
				CLANG_WARN_STRICT_PROTOTYPES = YES;
				CLANG_WARN_SUSPICIOUS_MOVE = YES;
				CLANG_WARN_UNGUARDED_AVAILABILITY = YES_AGGRESSIVE;
				CLANG_WARN_UNREACHABLE_CODE = YES;
				CLANG_WARN__DUPLICATE_METHOD_MATCH = YES;
				CODE_SIGN_IDENTITY = "iPhone Developer";
				COPY_PHASE_STRIP = NO;
				DEBUG_INFORMATION_FORMAT = "dwarf-with-dsym";
				ENABLE_NS_ASSERTIONS = NO;
				ENABLE_STRICT_OBJC_MSGSEND = YES;
				GCC_C_LANGUAGE_STANDARD = gnu11;
				GCC_NO_COMMON_BLOCKS = YES;
				GCC_WARN_64_TO_32_BIT_CONVERSION = YES;
				GCC_WARN_ABOUT_RETURN_TYPE = YES_ERROR;
				GCC_WARN_UNDECLARED_SELECTOR = YES;
				GCC_WARN_UNINITIALIZED_AUTOS = YES_AGGRESSIVE;
				GCC_WARN_UNUSED_FUNCTION = YES;
				GCC_WARN_UNUSED_VARIABLE = YES;
				IPHONEOS_DEPLOYMENT_TARGET = 11.4;
				MTL_ENABLE_DEBUG_INFO = NO;
				SDKROOT = iphoneos;
				SWIFT_COMPILATION_MODE = wholemodule;
				SWIFT_OPTIMIZATION_LEVEL = "-O";
				VALIDATE_PRODUCT = YES;
			};
			name = Release;
		};
		6E31850E2188B4170086EB5D /* Debug */ = {
			isa = XCBuildConfiguration;
			baseConfigurationReference = AADDA6124363BBC531F4EE8B /* Pods-questionOfTheDayHen.debug.xcconfig */;
			buildSettings = {
				ASSETCATALOG_COMPILER_APPICON_NAME = AppIcon;
				CODE_SIGN_STYLE = Automatic;
				DEVELOPMENT_TEAM = FQ9FZH7V37;
				INFOPLIST_FILE = questionOfTheDayHen/Info.plist;
				LD_RUNPATH_SEARCH_PATHS = (
					"$(inherited)",
					"@executable_path/Frameworks",
				);
				PRODUCT_BUNDLE_IDENTIFIER = fooBar.questionOfTheDayHen;
				PRODUCT_NAME = "$(TARGET_NAME)";
				SWIFT_VERSION = 4.0;
				TARGETED_DEVICE_FAMILY = "1,2";
			};
			name = Debug;
		};
		6E31850F2188B4170086EB5D /* Release */ = {
			isa = XCBuildConfiguration;
			baseConfigurationReference = CDDC61CC3CBC64D10E6E0A61 /* Pods-questionOfTheDayHen.release.xcconfig */;
			buildSettings = {
				ASSETCATALOG_COMPILER_APPICON_NAME = AppIcon;
				CODE_SIGN_STYLE = Automatic;
				DEVELOPMENT_TEAM = FQ9FZH7V37;
				INFOPLIST_FILE = questionOfTheDayHen/Info.plist;
				LD_RUNPATH_SEARCH_PATHS = (
					"$(inherited)",
					"@executable_path/Frameworks",
				);
				PRODUCT_BUNDLE_IDENTIFIER = fooBar.questionOfTheDayHen;
				PRODUCT_NAME = "$(TARGET_NAME)";
				SWIFT_VERSION = 4.0;
				TARGETED_DEVICE_FAMILY = "1,2";
			};
			name = Release;
		};
		6E3185112188B4170086EB5D /* Debug */ = {
			isa = XCBuildConfiguration;
			baseConfigurationReference = D1CF9CC2DD74210D2CF7B65F /* Pods-questionOfTheDayHenTests.debug.xcconfig */;
			buildSettings = {
				ALWAYS_EMBED_SWIFT_STANDARD_LIBRARIES = YES;
				BUNDLE_LOADER = "$(TEST_HOST)";
				CODE_SIGN_STYLE = Automatic;
				DEVELOPMENT_TEAM = FQ9FZH7V37;
				INFOPLIST_FILE = questionOfTheDayHenTests/Info.plist;
				LD_RUNPATH_SEARCH_PATHS = (
					"$(inherited)",
					"@executable_path/Frameworks",
					"@loader_path/Frameworks",
				);
				PRODUCT_BUNDLE_IDENTIFIER = fooBar.questionOfTheDayHenTests;
				PRODUCT_NAME = "$(TARGET_NAME)";
				SWIFT_VERSION = 4.0;
				TARGETED_DEVICE_FAMILY = "1,2";
				TEST_HOST = "$(BUILT_PRODUCTS_DIR)/questionOfTheDayHen.app/questionOfTheDayHen";
			};
			name = Debug;
		};
		6E3185122188B4170086EB5D /* Release */ = {
			isa = XCBuildConfiguration;
			baseConfigurationReference = F525F66004B7639E481A4E66 /* Pods-questionOfTheDayHenTests.release.xcconfig */;
			buildSettings = {
				ALWAYS_EMBED_SWIFT_STANDARD_LIBRARIES = YES;
				BUNDLE_LOADER = "$(TEST_HOST)";
				CODE_SIGN_STYLE = Automatic;
				DEVELOPMENT_TEAM = FQ9FZH7V37;
				INFOPLIST_FILE = questionOfTheDayHenTests/Info.plist;
				LD_RUNPATH_SEARCH_PATHS = (
					"$(inherited)",
					"@executable_path/Frameworks",
					"@loader_path/Frameworks",
				);
				PRODUCT_BUNDLE_IDENTIFIER = fooBar.questionOfTheDayHenTests;
				PRODUCT_NAME = "$(TARGET_NAME)";
				SWIFT_VERSION = 4.0;
				TARGETED_DEVICE_FAMILY = "1,2";
				TEST_HOST = "$(BUILT_PRODUCTS_DIR)/questionOfTheDayHen.app/questionOfTheDayHen";
			};
			name = Release;
		};
		6E3185142188B4170086EB5D /* Debug */ = {
			isa = XCBuildConfiguration;
			baseConfigurationReference = 2A0A401B6D5BE3FD140EAEF3 /* Pods-questionOfTheDayHenUITests.debug.xcconfig */;
			buildSettings = {
				ALWAYS_EMBED_SWIFT_STANDARD_LIBRARIES = YES;
				CODE_SIGN_STYLE = Automatic;
				DEVELOPMENT_TEAM = FQ9FZH7V37;
				INFOPLIST_FILE = questionOfTheDayHenUITests/Info.plist;
				LD_RUNPATH_SEARCH_PATHS = (
					"$(inherited)",
					"@executable_path/Frameworks",
					"@loader_path/Frameworks",
				);
				PRODUCT_BUNDLE_IDENTIFIER = fooBar.questionOfTheDayHenUITests;
				PRODUCT_NAME = "$(TARGET_NAME)";
				SWIFT_VERSION = 4.0;
				TARGETED_DEVICE_FAMILY = "1,2";
				TEST_TARGET_NAME = questionOfTheDayHen;
			};
			name = Debug;
		};
		6E3185152188B4170086EB5D /* Release */ = {
			isa = XCBuildConfiguration;
			baseConfigurationReference = 2950D00E9ADE031AA1CD1321 /* Pods-questionOfTheDayHenUITests.release.xcconfig */;
			buildSettings = {
				ALWAYS_EMBED_SWIFT_STANDARD_LIBRARIES = YES;
				CODE_SIGN_STYLE = Automatic;
				DEVELOPMENT_TEAM = FQ9FZH7V37;
				INFOPLIST_FILE = questionOfTheDayHenUITests/Info.plist;
				LD_RUNPATH_SEARCH_PATHS = (
					"$(inherited)",
					"@executable_path/Frameworks",
					"@loader_path/Frameworks",
				);
				PRODUCT_BUNDLE_IDENTIFIER = fooBar.questionOfTheDayHenUITests;
				PRODUCT_NAME = "$(TARGET_NAME)";
				SWIFT_VERSION = 4.0;
				TARGETED_DEVICE_FAMILY = "1,2";
				TEST_TARGET_NAME = questionOfTheDayHen;
			};
			name = Release;
		};
/* End XCBuildConfiguration section */

/* Begin XCConfigurationList section */
		6E3184E02188B4160086EB5D /* Build configuration list for PBXProject "questionOfTheDayHen" */ = {
			isa = XCConfigurationList;
			buildConfigurations = (
				6E31850B2188B4170086EB5D /* Debug */,
				6E31850C2188B4170086EB5D /* Release */,
			);
			defaultConfigurationIsVisible = 0;
			defaultConfigurationName = Release;
		};
		6E31850D2188B4170086EB5D /* Build configuration list for PBXNativeTarget "questionOfTheDayHen" */ = {
			isa = XCConfigurationList;
			buildConfigurations = (
				6E31850E2188B4170086EB5D /* Debug */,
				6E31850F2188B4170086EB5D /* Release */,
			);
			defaultConfigurationIsVisible = 0;
			defaultConfigurationName = Release;
		};
		6E3185102188B4170086EB5D /* Build configuration list for PBXNativeTarget "questionOfTheDayHenTests" */ = {
			isa = XCConfigurationList;
			buildConfigurations = (
				6E3185112188B4170086EB5D /* Debug */,
				6E3185122188B4170086EB5D /* Release */,
			);
			defaultConfigurationIsVisible = 0;
			defaultConfigurationName = Release;
		};
		6E3185132188B4170086EB5D /* Build configuration list for PBXNativeTarget "questionOfTheDayHenUITests" */ = {
			isa = XCConfigurationList;
			buildConfigurations = (
				6E3185142188B4170086EB5D /* Debug */,
				6E3185152188B4170086EB5D /* Release */,
			);
			defaultConfigurationIsVisible = 0;
			defaultConfigurationName = Release;
		};
/* End XCConfigurationList section */
	};
	rootObject = 6E3184DD2188B4160086EB5D /* Project object */;
}
